
Microsoft Visual Studio Solution File, Format Version 12.00
# Visual Studio 15
VisualStudioVersion = 15.0.27703.2035
MinimumVisualStudioVersion = 10.0.40219.1
Project("{FAE04EC0-301F-11D3-BF4B-00C04F79EFBC}") = "Dusk", "Dusk\Dusk.csproj", "{EE2E1B09-F44C-4225-9F84-3ACB4782D30A}"
EndProject
Global
	GlobalSection(SolutionConfigurationPlatforms) = preSolution
		Debug|Any CPU = Debug|Any CPU
		Release|Any CPU = Release|Any CPU
	EndGlobalSection
	GlobalSection(ProjectConfigurationPlatforms) = postSolution
		{EE2E1B09-F44C-4225-9F84-3ACB4782D30A}.Debug|Any CPU.ActiveCfg = Debug|Any CPU
		{EE2E1B09-F44C-4225-9F84-3ACB4782D30A}.Debug|Any CPU.Build.0 = Debug|Any CPU
		{EE2E1B09-F44C-4225-9F84-3ACB4782D30A}.Release|Any CPU.ActiveCfg = Release|Any CPU
		{EE2E1B09-F44C-4225-9F84-3ACB4782D30A}.Release|Any CPU.Build.0 = Release|Any CPU
	EndGlobalSection
	GlobalSection(SolutionProperties) = preSolution
		HideSolutionNode = FALSE
	EndGlobalSection
	GlobalSection(ExtensibilityGlobals) = postSolution
		SolutionGuid = {3836707E-230F-417F-8EF9-76627BF2BE4D}
	EndGlobalSection
EndGlobal
